
Microsoft Visual Studio Solution File, Format Version 12.00
# Visual Studio 14
VisualStudioVersion = 14.0.25123.0
MinimumVisualStudioVersion = 10.0.40219.1
Project("{FAE04EC0-301F-11D3-BF4B-00C04F79EFBC}") = "Domain.Entities", "Domain.Entities\Domain.Entities.csproj", "{A90C94DC-1220-4197-BBC9-0CB2416021E3}"
EndProject
Project("{FAE04EC0-301F-11D3-BF4B-00C04F79EFBC}") = "Domain.Interfaces", "Domain.Interfaces\Domain.Interfaces.csproj", "{56BF1BB1-4D99-4D26-8A97-4DF837FCDF09}"
EndProject
Project("{FAE04EC0-301F-11D3-BF4B-00C04F79EFBC}") = "Services.Interfaces", "Services.Interfaces\Services.Interfaces.csproj", "{B0B18062-93D5-4E16-9F7E-FAE6B0773287}"
EndProject
Project("{FAE04EC0-301F-11D3-BF4B-00C04F79EFBC}") = "Services", "Services\Services.csproj", "{F8A7D68C-6B0E-48F2-B975-632C6C5E65ED}"
EndProject
Project("{FAE04EC0-301F-11D3-BF4B-00C04F79EFBC}") = "Infrastructure.Data", "Infrastructure.Data\Infrastructure.Data.csproj", "{3227776A-7159-482E-8A1A-49AF54ED459F}"
EndProject
Project("{FAE04EC0-301F-11D3-BF4B-00C04F79EFBC}") = "MyMVCApplicationArch", "MyMVCApplicationArch\MyMVCApplicationArch.csproj", "{BB6FC434-9320-485A-A08E-0D4936C51B22}"
EndProject
Project("{FAE04EC0-301F-11D3-BF4B-00C04F79EFBC}") = "MyMVCApplicationArch.Tests", "MyMVCApplicationArch.Tests\MyMVCApplicationArch.Tests.csproj", "{30C91B30-FFFB-4BEE-98F7-4D15DFE13399}"
EndProject
Global
	GlobalSection(SolutionConfigurationPlatforms) = preSolution
		Debug|Any CPU = Debug|Any CPU
		Release|Any CPU = Release|Any CPU
	EndGlobalSection
	GlobalSection(ProjectConfigurationPlatforms) = postSolution
		{A90C94DC-1220-4197-BBC9-0CB2416021E3}.Debug|Any CPU.ActiveCfg = Debug|Any CPU
		{A90C94DC-1220-4197-BBC9-0CB2416021E3}.Debug|Any CPU.Build.0 = Debug|Any CPU
		{A90C94DC-1220-4197-BBC9-0CB2416021E3}.Release|Any CPU.ActiveCfg = Release|Any CPU
		{A90C94DC-1220-4197-BBC9-0CB2416021E3}.Release|Any CPU.Build.0 = Release|Any CPU
		{56BF1BB1-4D99-4D26-8A97-4DF837FCDF09}.Debug|Any CPU.ActiveCfg = Debug|Any CPU
		{56BF1BB1-4D99-4D26-8A97-4DF837FCDF09}.Debug|Any CPU.Build.0 = Debug|Any CPU
		{56BF1BB1-4D99-4D26-8A97-4DF837FCDF09}.Release|Any CPU.ActiveCfg = Release|Any CPU
		{56BF1BB1-4D99-4D26-8A97-4DF837FCDF09}.Release|Any CPU.Build.0 = Release|Any CPU
		{B0B18062-93D5-4E16-9F7E-FAE6B0773287}.Debug|Any CPU.ActiveCfg = Debug|Any CPU
		{B0B18062-93D5-4E16-9F7E-FAE6B0773287}.Debug|Any CPU.Build.0 = Debug|Any CPU
		{B0B18062-93D5-4E16-9F7E-FAE6B0773287}.Release|Any CPU.ActiveCfg = Release|Any CPU
		{B0B18062-93D5-4E16-9F7E-FAE6B0773287}.Release|Any CPU.Build.0 = Release|Any CPU
		{F8A7D68C-6B0E-48F2-B975-632C6C5E65ED}.Debug|Any CPU.ActiveCfg = Debug|Any CPU
		{F8A7D68C-6B0E-48F2-B975-632C6C5E65ED}.Debug|Any CPU.Build.0 = Debug|Any CPU
		{F8A7D68C-6B0E-48F2-B975-632C6C5E65ED}.Release|Any CPU.ActiveCfg = Release|Any CPU
		{F8A7D68C-6B0E-48F2-B975-632C6C5E65ED}.Release|Any CPU.Build.0 = Release|Any CPU
		{3227776A-7159-482E-8A1A-49AF54ED459F}.Debug|Any CPU.ActiveCfg = Debug|Any CPU
		{3227776A-7159-482E-8A1A-49AF54ED459F}.Debug|Any CPU.Build.0 = Debug|Any CPU
		{3227776A-7159-482E-8A1A-49AF54ED459F}.Release|Any CPU.ActiveCfg = Release|Any CPU
		{3227776A-7159-482E-8A1A-49AF54ED459F}.Release|Any CPU.Build.0 = Release|Any CPU
		{BB6FC434-9320-485A-A08E-0D4936C51B22}.Debug|Any CPU.ActiveCfg = Debug|Any CPU
		{BB6FC434-9320-485A-A08E-0D4936C51B22}.Debug|Any CPU.Build.0 = Debug|Any CPU
		{BB6FC434-9320-485A-A08E-0D4936C51B22}.Release|Any CPU.ActiveCfg = Release|Any CPU
		{BB6FC434-9320-485A-A08E-0D4936C51B22}.Release|Any CPU.Build.0 = Release|Any CPU
		{30C91B30-FFFB-4BEE-98F7-4D15DFE13399}.Debug|Any CPU.ActiveCfg = Debug|Any CPU
		{30C91B30-FFFB-4BEE-98F7-4D15DFE13399}.Debug|Any CPU.Build.0 = Debug|Any CPU
		{30C91B30-FFFB-4BEE-98F7-4D15DFE13399}.Release|Any CPU.ActiveCfg = Release|Any CPU
		{30C91B30-FFFB-4BEE-98F7-4D15DFE13399}.Release|Any CPU.Build.0 = Release|Any CPU
	EndGlobalSection
	GlobalSection(SolutionProperties) = preSolution
		HideSolutionNode = FALSE
	EndGlobalSection
EndGlobal
